// !$*UTF8*$!
{
	archiveVersion = 1;
	classes = {
	};
	objectVersion = 46;
	objects = {

/* Begin PBXBuildFile section */
		5D149205192DAE730036FE5C /* Foundation.framework in Frameworks */ = {isa = PBXBuildFile; fileRef = 5D149204192DAE730036FE5C /* Foundation.framework */; };
		5D149207192DAE730036FE5C /* CoreGraphics.framework in Frameworks */ = {isa = PBXBuildFile; fileRef = 5D149206192DAE730036FE5C /* CoreGraphics.framework */; };
		5D149209192DAE730036FE5C /* UIKit.framework in Frameworks */ = {isa = PBXBuildFile; fileRef = 5D149208192DAE730036FE5C /* UIKit.framework */; };
		5D14920F192DAE730036FE5C /* InfoPlist.strings in Resources */ = {isa = PBXBuildFile; fileRef = 5D14920D192DAE730036FE5C /* InfoPlist.strings */; };
		5D149211192DAE730036FE5C /* main.m in Sources */ = {isa = PBXBuildFile; fileRef = 5D149210192DAE730036FE5C /* main.m */; };
		5D149215192DAE730036FE5C /* CTAppDelegate.m in Sources */ = {isa = PBXBuildFile; fileRef = 5D149214192DAE730036FE5C /* CTAppDelegate.m */; };
		5D149218192DAE730036FE5C /* Main_iPhone.storyboard in Resources */ = {isa = PBXBuildFile; fileRef = 5D149216192DAE730036FE5C /* Main_iPhone.storyboard */; };
		5D14921B192DAE730036FE5C /* Main_iPad.storyboard in Resources */ = {isa = PBXBuildFile; fileRef = 5D149219192DAE730036FE5C /* Main_iPad.storyboard */; };
		5D14921E192DAE730036FE5C /* CTViewController.m in Sources */ = {isa = PBXBuildFile; fileRef = 5D14921D192DAE730036FE5C /* CTViewController.m */; };
		5D149220192DAE730036FE5C /* Images.xcassets in Resources */ = {isa = PBXBuildFile; fileRef = 5D14921F192DAE730036FE5C /* Images.xcassets */; };
		5D149227192DAE740036FE5C /* XCTest.framework in Frameworks */ = {isa = PBXBuildFile; fileRef = 5D149226192DAE740036FE5C /* XCTest.framework */; };
		5D149228192DAE740036FE5C /* Foundation.framework in Frameworks */ = {isa = PBXBuildFile; fileRef = 5D149204192DAE730036FE5C /* Foundation.framework */; };
		5D149229192DAE740036FE5C /* UIKit.framework in Frameworks */ = {isa = PBXBuildFile; fileRef = 5D149208192DAE730036FE5C /* UIKit.framework */; };
		5D149231192DAE740036FE5C /* InfoPlist.strings in Resources */ = {isa = PBXBuildFile; fileRef = 5D14922F192DAE740036FE5C /* InfoPlist.strings */; };
		5D149233192DAE740036FE5C /* UITableView_Challenge_SolutionTests.m in Sources */ = {isa = PBXBuildFile; fileRef = 5D149232192DAE740036FE5C /* UITableView_Challenge_SolutionTests.m */; };
/* End PBXBuildFile section */

/* Begin PBXContainerItemProxy section */
		5D14922A192DAE740036FE5C /* PBXContainerItemProxy */ = {
			isa = PBXContainerItemProxy;
			containerPortal = 5D1491F9192DAE730036FE5C /* Project object */;
			proxyType = 1;
			remoteGlobalIDString = 5D149200192DAE730036FE5C;
			remoteInfo = "UITableView Challenge Solution";
		};
/* End PBXContainerItemProxy section */

/* Begin PBXFileReference section */
		5D149201192DAE730036FE5C /* UITableView Challenge Solution.app */ = {isa = PBXFileReference; explicitFileType = wrapper.application; includeInIndex = 0; path = "UITableView Challenge Solution.app"; sourceTree = BUILT_PRODUCTS_DIR; };
		5D149204192DAE730036FE5C /* Foundation.framework */ = {isa = PBXFileReference; lastKnownFileType = wrapper.framework; name = Foundation.framework; path = System/Library/Frameworks/Foundation.framework; sourceTree = SDKROOT; };
		5D149206192DAE730036FE5C /* CoreGraphics.framework */ = {isa = PBXFileReference; lastKnownFileType = wrapper.framework; name = CoreGraphics.framework; path = System/Library/Frameworks/CoreGraphics.framework; sourceTree = SDKROOT; };
		5D149208192DAE730036FE5C /* UIKit.framework */ = {isa = PBXFileReference; lastKnownFileType = wrapper.framework; name = UIKit.framework; path = System/Library/Frameworks/UIKit.framework; sourceTree = SDKROOT; };
		5D14920C192DAE730036FE5C /* UITableView Challenge Solution-Info.plist */ = {isa = PBXFileReference; lastKnownFileType = text.plist.xml; path = "UITableView Challenge Solution-Info.plist"; sourceTree = "<group>"; };
		5D14920E192DAE730036FE5C /* en */ = {isa = PBXFileReference; lastKnownFileType = text.plist.strings; name = en; path = en.lproj/InfoPlist.strings; sourceTree = "<group>"; };
		5D149210192DAE730036FE5C /* main.m */ = {isa = PBXFileReference; lastKnownFileType = sourcecode.c.objc; path = main.m; sourceTree = "<group>"; };
		5D149212192DAE730036FE5C /* UITableView Challenge Solution-Prefix.pch */ = {isa = PBXFileReference; lastKnownFileType = sourcecode.c.h; path = "UITableView Challenge Solution-Prefix.pch"; sourceTree = "<group>"; };
		5D149213192DAE730036FE5C /* CTAppDelegate.h */ = {isa = PBXFileReference; lastKnownFileType = sourcecode.c.h; path = CTAppDelegate.h; sourceTree = "<group>"; };
		5D149214192DAE730036FE5C /* CTAppDelegate.m */ = {isa = PBXFileReference; lastKnownFileType = sourcecode.c.objc; path = CTAppDelegate.m; sourceTree = "<group>"; };
		5D149217192DAE730036FE5C /* Base */ = {isa = PBXFileReference; lastKnownFileType = file.storyboard; name = Base; path = Base.lproj/Main_iPhone.storyboard; sourceTree = "<group>"; };
		5D14921A192DAE730036FE5C /* Base */ = {isa = PBXFileReference; lastKnownFileType = file.storyboard; name = Base; path = Base.lproj/Main_iPad.storyboard; sourceTree = "<group>"; };
		5D14921C192DAE730036FE5C /* CTViewController.h */ = {isa = PBXFileReference; lastKnownFileType = sourcecode.c.h; path = CTViewController.h; sourceTree = "<group>"; };
		5D14921D192DAE730036FE5C /* CTViewController.m */ = {isa = PBXFileReference; lastKnownFileType = sourcecode.c.objc; path = CTViewController.m; sourceTree = "<group>"; };
		5D14921F192DAE730036FE5C /* Images.xcassets */ = {isa = PBXFileReference; lastKnownFileType = folder.assetcatalog; path = Images.xcassets; sourceTree = "<group>"; };
		5D149225192DAE740036FE5C /* UITableView Challenge SolutionTests.xctest */ = {isa = PBXFileReference; explicitFileType = wrapper.cfbundle; includeInIndex = 0; path = "UITableView Challenge SolutionTests.xctest"; sourceTree = BUILT_PRODUCTS_DIR; };
		5D149226192DAE740036FE5C /* XCTest.framework */ = {isa = PBXFileReference; lastKnownFileType = wrapper.framework; name = XCTest.framework; path = Library/Frameworks/XCTest.framework; sourceTree = DEVELOPER_DIR; };
		5D14922E192DAE740036FE5C /* UITableView Challenge SolutionTests-Info.plist */ = {isa = PBXFileReference; lastKnownFileType = text.plist.xml; path = "UITableView Challenge SolutionTests-Info.plist"; sourceTree = "<group>"; };
		5D149230192DAE740036FE5C /* en */ = {isa = PBXFileReference; lastKnownFileType = text.plist.strings; name = en; path = en.lproj/InfoPlist.strings; sourceTree = "<group>"; };
		5D149232192DAE740036FE5C /* UITableView_Challenge_SolutionTests.m */ = {isa = PBXFileReference; lastKnownFileType = sourcecode.c.objc; path = UITableView_Challenge_SolutionTests.m; sourceTree = "<group>"; };
/* End PBXFileReference section */

/* Begin PBXFrameworksBuildPhase section */
		5D1491FE192DAE730036FE5C /* Frameworks */ = {
			isa = PBXFrameworksBuildPhase;
			buildActionMask = 2147483647;
			files = (
				5D149207192DAE730036FE5C /* CoreGraphics.framework in Frameworks */,
				5D149209192DAE730036FE5C /* UIKit.framework in Frameworks */,
				5D149205192DAE730036FE5C /* Foundation.framework in Frameworks */,
			);
			runOnlyForDeploymentPostprocessing = 0;
		};
		5D149222192DAE740036FE5C /* Frameworks */ = {
			isa = PBXFrameworksBuildPhase;
			buildActionMask = 2147483647;
			files = (
				5D149227192DAE740036FE5C /* XCTest.framework in Frameworks */,
				5D149229192DAE740036FE5C /* UIKit.framework in Frameworks */,
				5D149228192DAE740036FE5C /* Foundation.framework in Frameworks */,
			);
			runOnlyForDeploymentPostprocessing = 0;
		};
/* End PBXFrameworksBuildPhase section */

/* Begin PBXGroup section */
		5D1491F8192DAE730036FE5C = {
			isa = PBXGroup;
			children = (
				5D14920A192DAE730036FE5C /* UITableView Challenge Solution */,
				5D14922C192DAE740036FE5C /* UITableView Challenge SolutionTests */,
				5D149203192DAE730036FE5C /* Frameworks */,
				5D149202192DAE730036FE5C /* Products */,
			);
			sourceTree = "<group>";
		};
		5D149202192DAE730036FE5C /* Products */ = {
			isa = PBXGroup;
			children = (
				5D149201192DAE730036FE5C /* UITableView Challenge Solution.app */,
				5D149225192DAE740036FE5C /* UITableView Challenge SolutionTests.xctest */,
			);
			name = Products;
			sourceTree = "<group>";
		};
		5D149203192DAE730036FE5C /* Frameworks */ = {
			isa = PBXGroup;
			children = (
				5D149204192DAE730036FE5C /* Foundation.framework */,
				5D149206192DAE730036FE5C /* CoreGraphics.framework */,
				5D149208192DAE730036FE5C /* UIKit.framework */,
				5D149226192DAE740036FE5C /* XCTest.framework */,
			);
			name = Frameworks;
			sourceTree = "<group>";
		};
		5D14920A192DAE730036FE5C /* UITableView Challenge Solution */ = {
			isa = PBXGroup;
			children = (
				5D149213192DAE730036FE5C /* CTAppDelegate.h */,
				5D149214192DAE730036FE5C /* CTAppDelegate.m */,
				5D149216192DAE730036FE5C /* Main_iPhone.storyboard */,
				5D149219192DAE730036FE5C /* Main_iPad.storyboard */,
				5D14921C192DAE730036FE5C /* CTViewController.h */,
				5D14921D192DAE730036FE5C /* CTViewController.m */,
				5D14921F192DAE730036FE5C /* Images.xcassets */,
				5D14920B192DAE730036FE5C /* Supporting Files */,
			);
			path = "UITableView Challenge Solution";
			sourceTree = "<group>";
		};
		5D14920B192DAE730036FE5C /* Supporting Files */ = {
			isa = PBXGroup;
			children = (
				5D14920C192DAE730036FE5C /* UITableView Challenge Solution-Info.plist */,
				5D14920D192DAE730036FE5C /* InfoPlist.strings */,
				5D149210192DAE730036FE5C /* main.m */,
				5D149212192DAE730036FE5C /* UITableView Challenge Solution-Prefix.pch */,
			);
			name = "Supporting Files";
			sourceTree = "<group>";
		};
		5D14922C192DAE740036FE5C /* UITableView Challenge SolutionTests */ = {
			isa = PBXGroup;
			children = (
				5D149232192DAE740036FE5C /* UITableView_Challenge_SolutionTests.m */,
				5D14922D192DAE740036FE5C /* Supporting Files */,
			);
			path = "UITableView Challenge SolutionTests";
			sourceTree = "<group>";
		};
		5D14922D192DAE740036FE5C /* Supporting Files */ = {
			isa = PBXGroup;
			children = (
				5D14922E192DAE740036FE5C /* UITableView Challenge SolutionTests-Info.plist */,
				5D14922F192DAE740036FE5C /* InfoPlist.strings */,
			);
			name = "Supporting Files";
			sourceTree = "<group>";
		};
/* End PBXGroup section */

/* Begin PBXNativeTarget section */
		5D149200192DAE730036FE5C /* UITableView Challenge Solution */ = {
			isa = PBXNativeTarget;
			buildConfigurationList = 5D149236192DAE740036FE5C /* Build configuration list for PBXNativeTarget "UITableView Challenge Solution" */;
			buildPhases = (
				5D1491FD192DAE730036FE5C /* Sources */,
				5D1491FE192DAE730036FE5C /* Frameworks */,
				5D1491FF192DAE730036FE5C /* Resources */,
			);
			buildRules = (
			);
			dependencies = (
			);
			name = "UITableView Challenge Solution";
			productName = "UITableView Challenge Solution";
			productReference = 5D149201192DAE730036FE5C /* UITableView Challenge Solution.app */;
			productType = "com.apple.product-type.application";
		};
		5D149224192DAE740036FE5C /* UITableView Challenge SolutionTests */ = {
			isa = PBXNativeTarget;
			buildConfigurationList = 5D149239192DAE740036FE5C /* Build configuration list for PBXNativeTarget "UITableView Challenge SolutionTests" */;
			buildPhases = (
				5D149221192DAE740036FE5C /* Sources */,
				5D149222192DAE740036FE5C /* Frameworks */,
				5D149223192DAE740036FE5C /* Resources */,
			);
			buildRules = (
			);
			dependencies = (
				5D14922B192DAE740036FE5C /* PBXTargetDependency */,
			);
			name = "UITableView Challenge SolutionTests";
			productName = "UITableView Challenge SolutionTests";
			productReference = 5D149225192DAE740036FE5C /* UITableView Challenge SolutionTests.xctest */;
			productType = "com.apple.product-type.bundle.unit-test";
		};
/* End PBXNativeTarget section */

/* Begin PBXProject section */
		5D1491F9192DAE730036FE5C /* Project object */ = {
			isa = PBXProject;
			attributes = {
				CLASSPREFIX = CT;
				LastUpgradeCheck = 0510;
				ORGANIZATIONNAME = Cyrus;
				TargetAttributes = {
					5D149224192DAE740036FE5C = {
						TestTargetID = 5D149200192DAE730036FE5C;
					};
				};
			};
			buildConfigurationList = 5D1491FC192DAE730036FE5C /* Build configuration list for PBXProject "UITableView Challenge Solution" */;
			compatibilityVersion = "Xcode 3.2";
			developmentRegion = English;
			hasScannedForEncodings = 0;
			knownRegions = (
				en,
				Base,
			);
			mainGroup = 5D1491F8192DAE730036FE5C;
			productRefGroup = 5D149202192DAE730036FE5C /* Products */;
			projectDirPath = "";
			projectRoot = "";
			targets = (
				5D149200192DAE730036FE5C /* UITableView Challenge Solution */,
				5D149224192DAE740036FE5C /* UITableView Challenge SolutionTests */,
			);
		};
/* End PBXProject section */

/* Begin PBXResourcesBuildPhase section */
		5D1491FF192DAE730036FE5C /* Resources */ = {
			isa = PBXResourcesBuildPhase;
			buildActionMask = 2147483647;
			files = (
				5D14921B192DAE730036FE5C /* Main_iPad.storyboard in Resources */,
				5D149220192DAE730036FE5C /* Images.xcassets in Resources */,
				5D149218192DAE730036FE5C /* Main_iPhone.storyboard in Resources */,
				5D14920F192DAE730036FE5C /* InfoPlist.strings in Resources */,
			);
			runOnlyForDeploymentPostprocessing = 0;
		};
		5D149223192DAE740036FE5C /* Resources */ = {
			isa = PBXResourcesBuildPhase;
			buildActionMask = 2147483647;
			files = (
				5D149231192DAE740036FE5C /* InfoPlist.strings in Resources */,
			);
			runOnlyForDeploymentPostprocessing = 0;
		};
/* End PBXResourcesBuildPhase section */

/* Begin PBXSourcesBuildPhase section */
		5D1491FD192DAE730036FE5C /* Sources */ = {
			isa = PBXSourcesBuildPhase;
			buildActionMask = 2147483647;
			files = (
				5D149211192DAE730036FE5C /* main.m in Sources */,
				5D149215192DAE730036FE5C /* CTAppDelegate.m in Sources */,
				5D14921E192DAE730036FE5C /* CTViewController.m in Sources */,
			);
			runOnlyForDeploymentPostprocessing = 0;
		};
		5D149221192DAE740036FE5C /* Sources */ = {
			isa = PBXSourcesBuildPhase;
			buildActionMask = 2147483647;
			files = (
				5D149233192DAE740036FE5C /* UITableView_Challenge_SolutionTests.m in Sources */,
			);
			runOnlyForDeploymentPostprocessing = 0;
		};
/* End PBXSourcesBuildPhase section */

/* Begin PBXTargetDependency section */
		5D14922B192DAE740036FE5C /* PBXTargetDependency */ = {
			isa = PBXTargetDependency;
			target = 5D149200192DAE730036FE5C /* UITableView Challenge Solution */;
			targetProxy = 5D14922A192DAE740036FE5C /* PBXContainerItemProxy */;
		};
/* End PBXTargetDependency section */

/* Begin PBXVariantGroup section */
		5D14920D192DAE730036FE5C /* InfoPlist.strings */ = {
			isa = PBXVariantGroup;
			children = (
				5D14920E192DAE730036FE5C /* en */,
			);
			name = InfoPlist.strings;
			sourceTree = "<group>";
		};
		5D149216192DAE730036FE5C /* Main_iPhone.storyboard */ = {
			isa = PBXVariantGroup;
			children = (
				5D149217192DAE730036FE5C /* Base */,
			);
			name = Main_iPhone.storyboard;
			sourceTree = "<group>";
		};
		5D149219192DAE730036FE5C /* Main_iPad.storyboard */ = {
			isa = PBXVariantGroup;
			children = (
				5D14921A192DAE730036FE5C /* Base */,
			);
			name = Main_iPad.storyboard;
			sourceTree = "<group>";
		};
		5D14922F192DAE740036FE5C /* InfoPlist.strings */ = {
			isa = PBXVariantGroup;
			children = (
				5D149230192DAE740036FE5C /* en */,
			);
			name = InfoPlist.strings;
			sourceTree = "<group>";
		};
/* End PBXVariantGroup section */

/* Begin XCBuildConfiguration section */
		5D149234192DAE740036FE5C /* Debug */ = {
			isa = XCBuildConfiguration;
			buildSettings = {
				ALWAYS_SEARCH_USER_PATHS = NO;
				CLANG_CXX_LANGUAGE_STANDARD = "gnu++0x";
				CLANG_CXX_LIBRARY = "libc++";
				CLANG_ENABLE_MODULES = YES;
				CLANG_ENABLE_OBJC_ARC = YES;
				CLANG_WARN_BOOL_CONVERSION = YES;
				CLANG_WARN_CONSTANT_CONVERSION = YES;
				CLANG_WARN_DIRECT_OBJC_ISA_USAGE = YES_ERROR;
				CLANG_WARN_EMPTY_BODY = YES;
				CLANG_WARN_ENUM_CONVERSION = YES;
				CLANG_WARN_INT_CONVERSION = YES;
				CLANG_WARN_OBJC_ROOT_CLASS = YES_ERROR;
				CLANG_WARN__DUPLICATE_METHOD_MATCH = YES;
				"CODE_SIGN_IDENTITY[sdk=iphoneos*]" = "iPhone Developer";
				COPY_PHASE_STRIP = NO;
				GCC_C_LANGUAGE_STANDARD = gnu99;
				GCC_DYNAMIC_NO_PIC = NO;
				GCC_OPTIMIZATION_LEVEL = 0;
				GCC_PREPROCESSOR_DEFINITIONS = (
					"DEBUG=1",
					"$(inherited)",
				);
				GCC_SYMBOLS_PRIVATE_EXTERN = NO;
				GCC_WARN_64_TO_32_BIT_CONVERSION = YES;
				GCC_WARN_ABOUT_RETURN_TYPE = YES_ERROR;
				GCC_WARN_UNDECLARED_SELECTOR = YES;
				GCC_WARN_UNINITIALIZED_AUTOS = YES_AGGRESSIVE;
				GCC_WARN_UNUSED_FUNCTION = YES;
				GCC_WARN_UNUSED_VARIABLE = YES;
				IPHONEOS_DEPLOYMENT_TARGET = 7.1;
				ONLY_ACTIVE_ARCH = YES;
				SDKROOT = iphoneos;
				TARGETED_DEVICE_FAMILY = "1,2";
			};
			name = Debug;
		};
		5D149235192DAE740036FE5C /* Release */ = {
			isa = XCBuildConfiguration;
			buildSettings = {
				ALWAYS_SEARCH_USER_PATHS = NO;
				CLANG_CXX_LANGUAGE_STANDARD = "gnu++0x";
				CLANG_CXX_LIBRARY = "libc++";
				CLANG_ENABLE_MODULES = YES;
				CLANG_ENABLE_OBJC_ARC = YES;
				CLANG_WARN_BOOL_CONVERSION = YES;
				CLANG_WARN_CONSTANT_CONVERSION = YES;
				CLANG_WARN_DIRECT_OBJC_ISA_USAGE = YES_ERROR;
				CLANG_WARN_EMPTY_BODY = YES;
				CLANG_WARN_ENUM_CONVERSION = YES;
				CLANG_WARN_INT_CONVERSION = YES;
				CLANG_WARN_OBJC_ROOT_CLASS = YES_ERROR;
				CLANG_WARN__DUPLICATE_METHOD_MATCH = YES;
				"CODE_SIGN_IDENTITY[sdk=iphoneos*]" = "iPhone Developer";
				COPY_PHASE_STRIP = YES;
				ENABLE_NS_ASSERTIONS = NO;
				GCC_C_LANGUAGE_STANDARD = gnu99;
				GCC_WARN_64_TO_32_BIT_CONVERSION = YES;
				GCC_WARN_ABOUT_RETURN_TYPE = YES_ERROR;
				GCC_WARN_UNDECLARED_SELECTOR = YES;
				GCC_WARN_UNINITIALIZED_AUTOS = YES_AGGRESSIVE;
				GCC_WARN_UNUSED_FUNCTION = YES;
				GCC_WARN_UNUSED_VARIABLE = YES;
				IPHONEOS_DEPLOYMENT_TARGET = 7.1;
				SDKROOT = iphoneos;
				TARGETED_DEVICE_FAMILY = "1,2";
				VALIDATE_PRODUCT = YES;
			};
			name = Release;
		};
		5D149237192DAE740036FE5C /* Debug */ = {
			isa = XCBuildConfiguration;
			buildSettings = {
				ASSETCATALOG_COMPILER_APPICON_NAME = AppIcon;
				ASSETCATALOG_COMPILER_LAUNCHIMAGE_NAME = LaunchImage;
				GCC_PRECOMPILE_PREFIX_HEADER = YES;
				GCC_PREFIX_HEADER = "UITableView Challenge Solution/UITableView Challenge Solution-Prefix.pch";
				INFOPLIST_FILE = "UITableView Challenge Solution/UITableView Challenge Solution-Info.plist";
				PRODUCT_NAME = "$(TARGET_NAME)";
				WRAPPER_EXTENSION = app;
			};
			name = Debug;
		};
		5D149238192DAE740036FE5C /* Release */ = {
			isa = XCBuildConfiguration;
			buildSettings = {
				ASSETCATALOG_COMPILER_APPICON_NAME = AppIcon;
				ASSETCATALOG_COMPILER_LAUNCHIMAGE_NAME = LaunchImage;
				GCC_PRECOMPILE_PREFIX_HEADER = YES;
				GCC_PREFIX_HEADER = "UITableView Challenge Solution/UITableView Challenge Solution-Prefix.pch";
				INFOPLIST_FILE = "UITableView Challenge Solution/UITableView Challenge Solution-Info.plist";
				PRODUCT_NAME = "$(TARGET_NAME)";
				WRAPPER_EXTENSION = app;
			};
			name = Release;
		};
		5D14923A192DAE740036FE5C /* Debug */ = {
			isa = XCBuildConfiguration;
			buildSettings = {
				BUNDLE_LOADER = "$(BUILT_PRODUCTS_DIR)/UITableView Challenge Solution.app/UITableView Challenge Solution";
				FRAMEWORK_SEARCH_PATHS = (
					"$(SDKROOT)/Developer/Library/Frameworks",
					"$(inherited)",
					"$(DEVELOPER_FRAMEWORKS_DIR)",
				);
				GCC_PRECOMPILE_PREFIX_HEADER = YES;
				GCC_PREFIX_HEADER = "UITableView Challenge Solution/UITableView Challenge Solution-Prefix.pch";
				GCC_PREPROCESSOR_DEFINITIONS = (
					"DEBUG=1",
					"$(inherited)",
				);
				INFOPLIST_FILE = "UITableView Challenge SolutionTests/UITableView Challenge SolutionTests-Info.plist";
				PRODUCT_NAME = "$(TARGET_NAME)";
				TEST_HOST = "$(BUNDLE_LOADER)";
				WRAPPER_EXTENSION = xctest;
			};
			name = Debug;
		};
		5D14923B192DAE740036FE5C /* Release */ = {
			isa = XCBuildConfiguration;
			buildSettings = {
				BUNDLE_LOADER = "$(BUILT_PRODUCTS_DIR)/UITableView Challenge Solution.app/UITableView Challenge Solution";
				FRAMEWORK_SEARCH_PATHS = (
					"$(SDKROOT)/Developer/Library/Frameworks",
					"$(inherited)",
					"$(DEVELOPER_FRAMEWORKS_DIR)",
				);
				GCC_PRECOMPILE_PREFIX_HEADER = YES;
				GCC_PREFIX_HEADER = "UITableView Challenge Solution/UITableView Challenge Solution-Prefix.pch";
				INFOPLIST_FILE = "UITableView Challenge SolutionTests/UITableView Challenge SolutionTests-Info.plist";
				PRODUCT_NAME = "$(TARGET_NAME)";
				TEST_HOST = "$(BUNDLE_LOADER)";
				WRAPPER_EXTENSION = xctest;
			};
			name = Release;
		};
/* End XCBuildConfiguration section */

/* Begin XCConfigurationList section */
		5D1491FC192DAE730036FE5C /* Build configuration list for PBXProject "UITableView Challenge Solution" */ = {
			isa = XCConfigurationList;
			buildConfigurations = (
				5D149234192DAE740036FE5C /* Debug */,
				5D149235192DAE740036FE5C /* Release */,
			);
			defaultConfigurationIsVisible = 0;
			defaultConfigurationName = Release;
		};
		5D149236192DAE740036FE5C /* Build configuration list for PBXNativeTarget "UITableView Challenge Solution" */ = {
			isa = XCConfigurationList;
			buildConfigurations = (
				5D149237192DAE740036FE5C /* Debug */,
				5D149238192DAE740036FE5C /* Release */,
			);
			defaultConfigurationIsVisible = 0;
		};
		5D149239192DAE740036FE5C /* Build configuration list for PBXNativeTarget "UITableView Challenge SolutionTests" */ = {
			isa = XCConfigurationList;
			buildConfigurations = (
				5D14923A192DAE740036FE5C /* Debug */,
				5D14923B192DAE740036FE5C /* Release */,
			);
			defaultConfigurationIsVisible = 0;
		};
/* End XCConfigurationList section */
	};
	rootObject = 5D1491F9192DAE730036FE5C /* Project object */;
}
